
Microsoft Visual Studio Solution File, Format Version 12.00
# Visual Studio Version 17
VisualStudioVersion = 17.14.36518.9 d17.14
MinimumVisualStudioVersion = 10.0.40219.1
Project("{FAE04EC0-301F-11D3-BF4B-00C04F79EFBC}") = "WinForm", "AIS\WinForm.csproj", "{EE77A663-09F3-42A6-AC1F-86461B5D3E3F}"
EndProject
Project("{FAE04EC0-301F-11D3-BF4B-00C04F79EFBC}") = "Model", "Model\Model.csproj", "{E5D1435C-5219-43E9-8066-CA95B9A2D974}"
EndProject
Project("{FAE04EC0-301F-11D3-BF4B-00C04F79EFBC}") = "BussinessLogic", "BussinessLogic\BussinessLogic.csproj", "{5AB69B38-8CE9-4250-851B-EB4BC73AFDE9}"
EndProject
Project("{FAE04EC0-301F-11D3-BF4B-00C04F79EFBC}") = "ConsoleApp", "Console\ConsoleApp.csproj", "{0990C729-B002-43F9-AFC9-B5754EDDF3B2}"
EndProject
Global
	GlobalSection(SolutionConfigurationPlatforms) = preSolution
		Debug|Any CPU = Debug|Any CPU
		Release|Any CPU = Release|Any CPU
	EndGlobalSection
	GlobalSection(ProjectConfigurationPlatforms) = postSolution
		{EE77A663-09F3-42A6-AC1F-86461B5D3E3F}.Debug|Any CPU.ActiveCfg = Debug|Any CPU
		{EE77A663-09F3-42A6-AC1F-86461B5D3E3F}.Debug|Any CPU.Build.0 = Debug|Any CPU
		{EE77A663-09F3-42A6-AC1F-86461B5D3E3F}.Release|Any CPU.ActiveCfg = Release|Any CPU
		{EE77A663-09F3-42A6-AC1F-86461B5D3E3F}.Release|Any CPU.Build.0 = Release|Any CPU
		{E5D1435C-5219-43E9-8066-CA95B9A2D974}.Debug|Any CPU.ActiveCfg = Debug|Any CPU
		{E5D1435C-5219-43E9-8066-CA95B9A2D974}.Debug|Any CPU.Build.0 = Debug|Any CPU
		{E5D1435C-5219-43E9-8066-CA95B9A2D974}.Release|Any CPU.ActiveCfg = Release|Any CPU
		{E5D1435C-5219-43E9-8066-CA95B9A2D974}.Release|Any CPU.Build.0 = Release|Any CPU
		{5AB69B38-8CE9-4250-851B-EB4BC73AFDE9}.Debug|Any CPU.ActiveCfg = Debug|Any CPU
		{5AB69B38-8CE9-4250-851B-EB4BC73AFDE9}.Debug|Any CPU.Build.0 = Debug|Any CPU
		{5AB69B38-8CE9-4250-851B-EB4BC73AFDE9}.Release|Any CPU.ActiveCfg = Release|Any CPU
		{5AB69B38-8CE9-4250-851B-EB4BC73AFDE9}.Release|Any CPU.Build.0 = Release|Any CPU
		{0990C729-B002-43F9-AFC9-B5754EDDF3B2}.Debug|Any CPU.ActiveCfg = Debug|Any CPU
		{0990C729-B002-43F9-AFC9-B5754EDDF3B2}.Debug|Any CPU.Build.0 = Debug|Any CPU
		{0990C729-B002-43F9-AFC9-B5754EDDF3B2}.Release|Any CPU.ActiveCfg = Release|Any CPU
		{0990C729-B002-43F9-AFC9-B5754EDDF3B2}.Release|Any CPU.Build.0 = Release|Any CPU
	EndGlobalSection
	GlobalSection(SolutionProperties) = preSolution
		HideSolutionNode = FALSE
	EndGlobalSection
	GlobalSection(ExtensibilityGlobals) = postSolution
		SolutionGuid = {C263EEE9-960C-423B-80EC-A908509619BB}
	EndGlobalSection
EndGlobal
